
Microsoft Visual Studio Solution File, Format Version 12.00
# Visual Studio 15
Project("{FAE04EC0-301F-11D3-BF4B-00C04F79EFBC}") = "PlayFab", "PlayFab.csproj", "{B54962EA-46E0-8A32-0E15-B5C7F57AAC62}"
EndProject
Project("{FAE04EC0-301F-11D3-BF4B-00C04F79EFBC}") = "PlayFabEditorExtensions", "PlayFabEditorExtensions.csproj", "{F8A2B188-0CCD-A2F9-E93C-D5499E1C9CD7}"
EndProject
Project("{FAE04EC0-301F-11D3-BF4B-00C04F79EFBC}") = "PlayFabSDKEditor", "PlayFabSDKEditor.csproj", "{D8226120-3B67-7684-2C09-0456289428DA}"
EndProject
Global
	GlobalSection(SolutionConfigurationPlatforms) = preSolution
		Debug|Any CPU = Debug|Any CPU
		Release|Any CPU = Release|Any CPU
	EndGlobalSection
	GlobalSection(ProjectConfigurationPlatforms) = postSolution
		{B54962EA-46E0-8A32-0E15-B5C7F57AAC62}.Debug|Any CPU.ActiveCfg = Debug|Any CPU
		{B54962EA-46E0-8A32-0E15-B5C7F57AAC62}.Debug|Any CPU.Build.0 = Debug|Any CPU
		{B54962EA-46E0-8A32-0E15-B5C7F57AAC62}.Release|Any CPU.ActiveCfg = Release|Any CPU
		{B54962EA-46E0-8A32-0E15-B5C7F57AAC62}.Release|Any CPU.Build.0 = Release|Any CPU
		{F8A2B188-0CCD-A2F9-E93C-D5499E1C9CD7}.Debug|Any CPU.ActiveCfg = Debug|Any CPU
		{F8A2B188-0CCD-A2F9-E93C-D5499E1C9CD7}.Debug|Any CPU.Build.0 = Debug|Any CPU
		{F8A2B188-0CCD-A2F9-E93C-D5499E1C9CD7}.Release|Any CPU.ActiveCfg = Release|Any CPU
		{F8A2B188-0CCD-A2F9-E93C-D5499E1C9CD7}.Release|Any CPU.Build.0 = Release|Any CPU
		{D8226120-3B67-7684-2C09-0456289428DA}.Debug|Any CPU.ActiveCfg = Debug|Any CPU
		{D8226120-3B67-7684-2C09-0456289428DA}.Debug|Any CPU.Build.0 = Debug|Any CPU
		{D8226120-3B67-7684-2C09-0456289428DA}.Release|Any CPU.ActiveCfg = Release|Any CPU
		{D8226120-3B67-7684-2C09-0456289428DA}.Release|Any CPU.Build.0 = Release|Any CPU
	EndGlobalSection
	GlobalSection(SolutionProperties) = preSolution
		HideSolutionNode = FALSE
	EndGlobalSection
EndGlobal
